
Microsoft Visual Studio Solution File, Format Version 12.00
# Visual Studio Version 17
VisualStudioVersion = 17.13.35919.96 d17.13
MinimumVisualStudioVersion = 10.0.40219.1
Project("{FAE04EC0-301F-11D3-BF4B-00C04F79EFBC}") = "maintenanceShop", "maintenanceShop\maintenanceShop.csproj", "{43AC8D42-4DDF-4D29-9F62-7EE24894762C}"
EndProject
Project("{2150E333-8FDC-42A3-9474-1A3956D46DE8}") = "src", "src", "{02EA681E-C7D8-13C7-8484-4AC65E1B71E8}"
EndProject
Project("{FAE04EC0-301F-11D3-BF4B-00C04F79EFBC}") = "maintenanceShop.Domain", "maintenanceShop.Domain\maintenanceShop.Domain.csproj", "{97E2B0BF-2469-48F2-887D-AED7807625AB}"
EndProject
Global
	GlobalSection(SolutionConfigurationPlatforms) = preSolution
		Debug|Any CPU = Debug|Any CPU
		Release|Any CPU = Release|Any CPU
	EndGlobalSection
	GlobalSection(ProjectConfigurationPlatforms) = postSolution
		{43AC8D42-4DDF-4D29-9F62-7EE24894762C}.Debug|Any CPU.ActiveCfg = Debug|Any CPU
		{43AC8D42-4DDF-4D29-9F62-7EE24894762C}.Debug|Any CPU.Build.0 = Debug|Any CPU
		{43AC8D42-4DDF-4D29-9F62-7EE24894762C}.Release|Any CPU.ActiveCfg = Release|Any CPU
		{43AC8D42-4DDF-4D29-9F62-7EE24894762C}.Release|Any CPU.Build.0 = Release|Any CPU
		{97E2B0BF-2469-48F2-887D-AED7807625AB}.Debug|Any CPU.ActiveCfg = Debug|Any CPU
		{97E2B0BF-2469-48F2-887D-AED7807625AB}.Debug|Any CPU.Build.0 = Debug|Any CPU
		{97E2B0BF-2469-48F2-887D-AED7807625AB}.Release|Any CPU.ActiveCfg = Release|Any CPU
		{97E2B0BF-2469-48F2-887D-AED7807625AB}.Release|Any CPU.Build.0 = Release|Any CPU
	EndGlobalSection
	GlobalSection(SolutionProperties) = preSolution
		HideSolutionNode = FALSE
	EndGlobalSection
	GlobalSection(NestedProjects) = preSolution
		{43AC8D42-4DDF-4D29-9F62-7EE24894762C} = {02EA681E-C7D8-13C7-8484-4AC65E1B71E8}
		{97E2B0BF-2469-48F2-887D-AED7807625AB} = {02EA681E-C7D8-13C7-8484-4AC65E1B71E8}
	EndGlobalSection
	GlobalSection(ExtensibilityGlobals) = postSolution
		SolutionGuid = {9D8B959F-2AD1-439E-BC53-4D57328B5145}
	EndGlobalSection
EndGlobal
